
Microsoft Visual Studio Solution File, Format Version 12.00
# Visual Studio 15
VisualStudioVersion = 15.0.28307.421
MinimumVisualStudioVersion = 10.0.40219.1
Project("{8BC9CEB8-8B4A-11D0-8D11-00A0C91BC942}") = "WhyLNK2019", "WhyLNK2019\WhyLNK2019.vcxproj", "{6CF81F86-BA49-4027-B40C-78D3A8B5CE3E}"
EndProject
Project("{8BC9CEB8-8B4A-11D0-8D11-00A0C91BC942}") = "TryToLink", "TryToLink\TryToLink.vcxproj", "{488E5C7C-344B-4EEC-826C-052C8FFE9A39}"
EndProject
Global
	GlobalSection(SolutionConfigurationPlatforms) = preSolution
		Debug|x64 = Debug|x64
		Debug|x86 = Debug|x86
		Release|x64 = Release|x64
		Release|x86 = Release|x86
	EndGlobalSection
	GlobalSection(ProjectConfigurationPlatforms) = postSolution
		{6CF81F86-BA49-4027-B40C-78D3A8B5CE3E}.Debug|x64.ActiveCfg = Debug|x64
		{6CF81F86-BA49-4027-B40C-78D3A8B5CE3E}.Debug|x64.Build.0 = Debug|x64
		{6CF81F86-BA49-4027-B40C-78D3A8B5CE3E}.Debug|x86.ActiveCfg = Debug|Win32
		{6CF81F86-BA49-4027-B40C-78D3A8B5CE3E}.Debug|x86.Build.0 = Debug|Win32
		{6CF81F86-BA49-4027-B40C-78D3A8B5CE3E}.Release|x64.ActiveCfg = Release|x64
		{6CF81F86-BA49-4027-B40C-78D3A8B5CE3E}.Release|x64.Build.0 = Release|x64
		{6CF81F86-BA49-4027-B40C-78D3A8B5CE3E}.Release|x86.ActiveCfg = Release|Win32
		{6CF81F86-BA49-4027-B40C-78D3A8B5CE3E}.Release|x86.Build.0 = Release|Win32
		{488E5C7C-344B-4EEC-826C-052C8FFE9A39}.Debug|x64.ActiveCfg = Debug|x64
		{488E5C7C-344B-4EEC-826C-052C8FFE9A39}.Debug|x64.Build.0 = Debug|x64
		{488E5C7C-344B-4EEC-826C-052C8FFE9A39}.Debug|x86.ActiveCfg = Debug|Win32
		{488E5C7C-344B-4EEC-826C-052C8FFE9A39}.Debug|x86.Build.0 = Debug|Win32
		{488E5C7C-344B-4EEC-826C-052C8FFE9A39}.Release|x64.ActiveCfg = Release|x64
		{488E5C7C-344B-4EEC-826C-052C8FFE9A39}.Release|x64.Build.0 = Release|x64
		{488E5C7C-344B-4EEC-826C-052C8FFE9A39}.Release|x86.ActiveCfg = Release|Win32
		{488E5C7C-344B-4EEC-826C-052C8FFE9A39}.Release|x86.Build.0 = Release|Win32
	EndGlobalSection
	GlobalSection(SolutionProperties) = preSolution
		HideSolutionNode = FALSE
	EndGlobalSection
	GlobalSection(ExtensibilityGlobals) = postSolution
		SolutionGuid = {5AD4FB05-CA45-4CD7-A90F-BA757DE0571C}
	EndGlobalSection
EndGlobal
